
Microsoft Visual Studio Solution File, Format Version 12.00
# Visual Studio Version 16
VisualStudioVersion = 16.0.31129.286
MinimumVisualStudioVersion = 10.0.40219.1
Project("{FAE04EC0-301F-11D3-BF4B-00C04F79EFBC}") = "Network", "Network\Network.csproj", "{059CAF3A-F0C7-4284-A14C-FC0F11E82B15}"
EndProject
Global
	GlobalSection(SolutionConfigurationPlatforms) = preSolution
		Debug|x64 = Debug|x64
	EndGlobalSection
	GlobalSection(ProjectConfigurationPlatforms) = postSolution
		{059CAF3A-F0C7-4284-A14C-FC0F11E82B15}.Debug|x64.ActiveCfg = Debug|x64
		{059CAF3A-F0C7-4284-A14C-FC0F11E82B15}.Debug|x64.Build.0 = Debug|x64
	EndGlobalSection
	GlobalSection(SolutionProperties) = preSolution
		HideSolutionNode = FALSE
	EndGlobalSection
	GlobalSection(ExtensibilityGlobals) = postSolution
		SolutionGuid = {C4CF8A6F-F7EF-4814-93B5-C21F41C3EE0B}
	EndGlobalSection
EndGlobal
